<?xml version="1.0" encoding="utf-8"?>
<Project ToolsVersion="4.0" xmlns="http://schemas.microsoft.com/developer/msbuild/2003">
  <ItemGroup>
    <ClCompile Include="..\..\System.cpp" />
    <ClCompile Include="..\..\dbcfile.cpp" />
    <ClCompile Include="..\..\mpq_libmpq.cpp" />
    <ClCompile Include="..\..\loadlib\adt.cpp">
      <Filter>loadlib</Filter>
    </ClCompile>
    <ClCompile Include="..\..\loadlib\loadlib.cpp">
      <Filter>loadlib</Filter>
    </ClCompile>
    <ClCompile Include="..\..\loadlib\wdt.cpp">
      <Filter>loadlib</Filter>
    </ClCompile>
  </ItemGroup>
  <ItemGroup>
    <ClInclude Include="..\..\dbcfile.h" />
    <ClInclude Include="..\..\loadlib\adt.h">
      <Filter>loadlib</Filter>
    </ClInclude>
    <ClInclude Include="..\..\loadlib\loadlib.h">
      <Filter>loadlib</Filter>
    </ClInclude>
    <ClInclude Include="..\..\loadlib\wdt.h">
      <Filter>loadlib</Filter>
    </ClInclude>
    <ClInclude Include="..\..\mpq_libmpq04.h" />
  </ItemGroup>
  <ItemGroup>
    <Filter Include="loadlib">
      <UniqueIdentifier>{b3f5efc7-d1b9-4710-9517-a76c8fb3707b}</UniqueIdentifier>
    </Filter>
  </ItemGroup>
</Project>